
Microsoft Visual Studio Solution File, Format Version 12.00
# Visual Studio Version 17
VisualStudioVersion = 17.11.35222.181
MinimumVisualStudioVersion = 10.0.40219.1
Project("{FAE04EC0-301F-11D3-BF4B-00C04F79EFBC}") = "SaleCoop", "SaleCoop.csproj", "{8ED8D95C-FB42-471D-B36B-6F25D5AB134F}"
EndProject
Global
	GlobalSection(SolutionConfigurationPlatforms) = preSolution
		Debug|Any CPU = Debug|Any CPU
		Release|Any CPU = Release|Any CPU
	EndGlobalSection
	GlobalSection(ProjectConfigurationPlatforms) = postSolution
		{8ED8D95C-FB42-471D-B36B-6F25D5AB134F}.Debug|Any CPU.ActiveCfg = Debug|Any CPU
		{8ED8D95C-FB42-471D-B36B-6F25D5AB134F}.Debug|Any CPU.Build.0 = Debug|Any CPU
		{8ED8D95C-FB42-471D-B36B-6F25D5AB134F}.Release|Any CPU.ActiveCfg = Release|Any CPU
		{8ED8D95C-FB42-471D-B36B-6F25D5AB134F}.Release|Any CPU.Build.0 = Release|Any CPU
	EndGlobalSection
	GlobalSection(SolutionProperties) = preSolution
		HideSolutionNode = FALSE
	EndGlobalSection
	GlobalSection(ExtensibilityGlobals) = postSolution
		SolutionGuid = {B3CEDCA6-5661-4287-9AEC-45D659178C0A}
	EndGlobalSection
EndGlobal
